// !$*UTF8*$!
{
	archiveVersion = 1;
	classes = {
	};
	objectVersion = 50;
	objects = {

/* Begin PBXBuildFile section */
		F0571EF12681A93B001B6569 /* Endpoint.swift in Sources */ = {isa = PBXBuildFile; fileRef = F0571EF02681A93B001B6569 /* Endpoint.swift */; };
		F0571EF42681AC96001B6569 /* URLSession.swift in Sources */ = {isa = PBXBuildFile; fileRef = F0571EF32681AC96001B6569 /* URLSession.swift */; };
		F0571EF62681AE79001B6569 /* EndpointKind.swift in Sources */ = {isa = PBXBuildFile; fileRef = F0571EF52681AE79001B6569 /* EndpointKind.swift */; };
		F0571EF82681AE8E001B6569 /* EndpointKinds.swift in Sources */ = {isa = PBXBuildFile; fileRef = F0571EF72681AE8E001B6569 /* EndpointKinds.swift */; };
		F0571EFA2681AEEB001B6569 /* AccessToken.swift in Sources */ = {isa = PBXBuildFile; fileRef = F0571EF92681AEEB001B6569 /* AccessToken.swift */; };
		F0571EFD2681AFAE001B6569 /* MoviesListEndPoint.swift in Sources */ = {isa = PBXBuildFile; fileRef = F0571EFC2681AFAE001B6569 /* MoviesListEndPoint.swift */; };
		F0571F002681AFF2001B6569 /* MoviesList.swift in Sources */ = {isa = PBXBuildFile; fileRef = F0571EFF2681AFF2001B6569 /* MoviesList.swift */; };
		F0571F032681B057001B6569 /* InvalidEndpointError.swift in Sources */ = {isa = PBXBuildFile; fileRef = F0571F022681B057001B6569 /* InvalidEndpointError.swift */; };
		F0571F082681B1EA001B6569 /* MovieDetailEndPoint.swift in Sources */ = {isa = PBXBuildFile; fileRef = F0571F072681B1EA001B6569 /* MovieDetailEndPoint.swift */; };
		F0571F0A2681B206001B6569 /* MovieDetail.swift in Sources */ = {isa = PBXBuildFile; fileRef = F0571F092681B206001B6569 /* MovieDetail.swift */; };
		F0571F0F2681BEFD001B6569 /* MoviesListStore.swift in Sources */ = {isa = PBXBuildFile; fileRef = F0571F0E2681BEFD001B6569 /* MoviesListStore.swift */; };
		F0571F152681C03C001B6569 /* UserSession.swift in Sources */ = {isa = PBXBuildFile; fileRef = F0571F142681C03C001B6569 /* UserSession.swift */; };
		F0571F172681C086001B6569 /* ContentView.swift in Sources */ = {isa = PBXBuildFile; fileRef = F0571F162681C086001B6569 /* ContentView.swift */; };
		F0571F1B2681C4DB001B6569 /* UserSessionStore.swift in Sources */ = {isa = PBXBuildFile; fileRef = F0571F1A2681C4DB001B6569 /* UserSessionStore.swift */; };
		F05D20642681E12D001F51A1 /* MovieItem.swift in Sources */ = {isa = PBXBuildFile; fileRef = F05D20632681E12D001F51A1 /* MovieItem.swift */; };
		F05D20662681E262001F51A1 /* ModelLoader.swift in Sources */ = {isa = PBXBuildFile; fileRef = F05D20652681E262001F51A1 /* ModelLoader.swift */; };
		F05D20682681E5C6001F51A1 /* Publisher.swift in Sources */ = {isa = PBXBuildFile; fileRef = F05D20672681E5C6001F51A1 /* Publisher.swift */; };
		F05D2076268209E5001F51A1 /* ImageCache.swift in Sources */ = {isa = PBXBuildFile; fileRef = F05D2072268209E5001F51A1 /* ImageCache.swift */; };
		F05D2077268209E5001F51A1 /* ImageLoader.swift in Sources */ = {isa = PBXBuildFile; fileRef = F05D2073268209E5001F51A1 /* ImageLoader.swift */; };
		F05D2078268209E5001F51A1 /* EnvironmentValues+ImageCache.swift in Sources */ = {isa = PBXBuildFile; fileRef = F05D2074268209E5001F51A1 /* EnvironmentValues+ImageCache.swift */; };
		F05D2079268209E5001F51A1 /* AsyncImage.swift in Sources */ = {isa = PBXBuildFile; fileRef = F05D2075268209E5001F51A1 /* AsyncImage.swift */; };
		F05D207B26820F55001F51A1 /* MoviesListView.swift in Sources */ = {isa = PBXBuildFile; fileRef = F05D207A26820F55001F51A1 /* MoviesListView.swift */; };
		F0673CF62681A25C001587FD /* XenZuTestProjectApp.swift in Sources */ = {isa = PBXBuildFile; fileRef = F0673CF52681A25C001587FD /* XenZuTestProjectApp.swift */; };
		F0673CF82681A25C001587FD /* ContentTestView.swift in Sources */ = {isa = PBXBuildFile; fileRef = F0673CF72681A25C001587FD /* ContentTestView.swift */; };
		F0673CFA2681A25F001587FD /* Assets.xcassets in Resources */ = {isa = PBXBuildFile; fileRef = F0673CF92681A25F001587FD /* Assets.xcassets */; };
		F0673CFD2681A25F001587FD /* Preview Assets.xcassets in Resources */ = {isa = PBXBuildFile; fileRef = F0673CFC2681A25F001587FD /* Preview Assets.xcassets */; };
		F0673CFF2681A25F001587FD /* Persistence.swift in Sources */ = {isa = PBXBuildFile; fileRef = F0673CFE2681A25F001587FD /* Persistence.swift */; };
		F0673D022681A25F001587FD /* XenZuTestProject.xcdatamodeld in Sources */ = {isa = PBXBuildFile; fileRef = F0673D002681A25F001587FD /* XenZuTestProject.xcdatamodeld */; };
		F0EBBC742682061B00D1AF43 /* DateFormatter.swift in Sources */ = {isa = PBXBuildFile; fileRef = F0EBBC732682061B00D1AF43 /* DateFormatter.swift */; };
/* End PBXBuildFile section */

/* Begin PBXFileReference section */
		F0571EF02681A93B001B6569 /* Endpoint.swift */ = {isa = PBXFileReference; lastKnownFileType = sourcecode.swift; path = Endpoint.swift; sourceTree = "<group>"; };
		F0571EF32681AC96001B6569 /* URLSession.swift */ = {isa = PBXFileReference; lastKnownFileType = sourcecode.swift; path = URLSession.swift; sourceTree = "<group>"; };
		F0571EF52681AE79001B6569 /* EndpointKind.swift */ = {isa = PBXFileReference; lastKnownFileType = sourcecode.swift; path = EndpointKind.swift; sourceTree = "<group>"; };
		F0571EF72681AE8E001B6569 /* EndpointKinds.swift */ = {isa = PBXFileReference; lastKnownFileType = sourcecode.swift; path = EndpointKinds.swift; sourceTree = "<group>"; };
		F0571EF92681AEEB001B6569 /* AccessToken.swift */ = {isa = PBXFileReference; lastKnownFileType = sourcecode.swift; path = AccessToken.swift; sourceTree = "<group>"; };
		F0571EFC2681AFAE001B6569 /* MoviesListEndPoint.swift */ = {isa = PBXFileReference; lastKnownFileType = sourcecode.swift; path = MoviesListEndPoint.swift; sourceTree = "<group>"; };
		F0571EFF2681AFF2001B6569 /* MoviesList.swift */ = {isa = PBXFileReference; lastKnownFileType = sourcecode.swift; path = MoviesList.swift; sourceTree = "<group>"; };
		F0571F022681B057001B6569 /* InvalidEndpointError.swift */ = {isa = PBXFileReference; lastKnownFileType = sourcecode.swift; path = InvalidEndpointError.swift; sourceTree = "<group>"; };
		F0571F072681B1EA001B6569 /* MovieDetailEndPoint.swift */ = {isa = PBXFileReference; lastKnownFileType = sourcecode.swift; path = MovieDetailEndPoint.swift; sourceTree = "<group>"; };
		F0571F092681B206001B6569 /* MovieDetail.swift */ = {isa = PBXFileReference; lastKnownFileType = sourcecode.swift; path = MovieDetail.swift; sourceTree = "<group>"; };
		F0571F0E2681BEFD001B6569 /* MoviesListStore.swift */ = {isa = PBXFileReference; lastKnownFileType = sourcecode.swift; path = MoviesListStore.swift; sourceTree = "<group>"; };
		F0571F142681C03C001B6569 /* UserSession.swift */ = {isa = PBXFileReference; lastKnownFileType = sourcecode.swift; path = UserSession.swift; sourceTree = "<group>"; };
		F0571F162681C086001B6569 /* ContentView.swift */ = {isa = PBXFileReference; lastKnownFileType = sourcecode.swift; path = ContentView.swift; sourceTree = "<group>"; };
		F0571F1A2681C4DB001B6569 /* UserSessionStore.swift */ = {isa = PBXFileReference; lastKnownFileType = sourcecode.swift; path = UserSessionStore.swift; sourceTree = "<group>"; };
		F05D20632681E12D001F51A1 /* MovieItem.swift */ = {isa = PBXFileReference; lastKnownFileType = sourcecode.swift; path = MovieItem.swift; sourceTree = "<group>"; };
		F05D20652681E262001F51A1 /* ModelLoader.swift */ = {isa = PBXFileReference; lastKnownFileType = sourcecode.swift; path = ModelLoader.swift; sourceTree = "<group>"; };
		F05D20672681E5C6001F51A1 /* Publisher.swift */ = {isa = PBXFileReference; lastKnownFileType = sourcecode.swift; path = Publisher.swift; sourceTree = "<group>"; };
		F05D2072268209E5001F51A1 /* ImageCache.swift */ = {isa = PBXFileReference; fileEncoding = 4; lastKnownFileType = sourcecode.swift; path = ImageCache.swift; sourceTree = "<group>"; };
		F05D2073268209E5001F51A1 /* ImageLoader.swift */ = {isa = PBXFileReference; fileEncoding = 4; lastKnownFileType = sourcecode.swift; path = ImageLoader.swift; sourceTree = "<group>"; };
		F05D2074268209E5001F51A1 /* EnvironmentValues+ImageCache.swift */ = {isa = PBXFileReference; fileEncoding = 4; lastKnownFileType = sourcecode.swift; path = "EnvironmentValues+ImageCache.swift"; sourceTree = "<group>"; };
		F05D2075268209E5001F51A1 /* AsyncImage.swift */ = {isa = PBXFileReference; fileEncoding = 4; lastKnownFileType = sourcecode.swift; path = AsyncImage.swift; sourceTree = "<group>"; };
		F05D207A26820F55001F51A1 /* MoviesListView.swift */ = {isa = PBXFileReference; lastKnownFileType = sourcecode.swift; path = MoviesListView.swift; sourceTree = "<group>"; };
		F0673CF22681A25C001587FD /* XenZuTestProject.app */ = {isa = PBXFileReference; explicitFileType = wrapper.application; includeInIndex = 0; path = XenZuTestProject.app; sourceTree = BUILT_PRODUCTS_DIR; };
		F0673CF52681A25C001587FD /* XenZuTestProjectApp.swift */ = {isa = PBXFileReference; lastKnownFileType = sourcecode.swift; path = XenZuTestProjectApp.swift; sourceTree = "<group>"; };
		F0673CF72681A25C001587FD /* ContentTestView.swift */ = {isa = PBXFileReference; lastKnownFileType = sourcecode.swift; path = ContentTestView.swift; sourceTree = "<group>"; };
		F0673CF92681A25F001587FD /* Assets.xcassets */ = {isa = PBXFileReference; lastKnownFileType = folder.assetcatalog; path = Assets.xcassets; sourceTree = "<group>"; };
		F0673CFC2681A25F001587FD /* Preview Assets.xcassets */ = {isa = PBXFileReference; lastKnownFileType = folder.assetcatalog; path = "Preview Assets.xcassets"; sourceTree = "<group>"; };
		F0673CFE2681A25F001587FD /* Persistence.swift */ = {isa = PBXFileReference; lastKnownFileType = sourcecode.swift; path = Persistence.swift; sourceTree = "<group>"; };
		F0673D012681A25F001587FD /* XenZuTestProject.xcdatamodel */ = {isa = PBXFileReference; lastKnownFileType = wrapper.xcdatamodel; path = XenZuTestProject.xcdatamodel; sourceTree = "<group>"; };
		F0673D032681A25F001587FD /* Info.plist */ = {isa = PBXFileReference; lastKnownFileType = text.plist.xml; path = Info.plist; sourceTree = "<group>"; };
		F0EBBC732682061B00D1AF43 /* DateFormatter.swift */ = {isa = PBXFileReference; lastKnownFileType = sourcecode.swift; path = DateFormatter.swift; sourceTree = "<group>"; };
/* End PBXFileReference section */

/* Begin PBXFrameworksBuildPhase section */
		F0673CEF2681A25C001587FD /* Frameworks */ = {
			isa = PBXFrameworksBuildPhase;
			buildActionMask = 2147483647;
			files = (
			);
			runOnlyForDeploymentPostprocessing = 0;
		};
/* End PBXFrameworksBuildPhase section */

/* Begin PBXGroup section */
		F0571EEE2681A899001B6569 /* View */ = {
			isa = PBXGroup;
			children = (
				F0673CF72681A25C001587FD /* ContentTestView.swift */,
				F0571F162681C086001B6569 /* ContentView.swift */,
				F05D207A26820F55001F51A1 /* MoviesListView.swift */,
			);
			path = View;
			sourceTree = "<group>";
		};
		F0571EEF2681A906001B6569 /* Endpoint */ = {
			isa = PBXGroup;
			children = (
				F0571F062681B15F001B6569 /* Private */,
				F0571EFB2681AF85001B6569 /* Public */,
				F0571EF02681A93B001B6569 /* Endpoint.swift */,
				F0571EF52681AE79001B6569 /* EndpointKind.swift */,
				F0571EF72681AE8E001B6569 /* EndpointKinds.swift */,
				F0571EF92681AEEB001B6569 /* AccessToken.swift */,
				F0571F142681C03C001B6569 /* UserSession.swift */,
			);
			path = Endpoint;
			sourceTree = "<group>";
		};
		F0571EF22681AC67001B6569 /* Extension */ = {
			isa = PBXGroup;
			children = (
				F0571EF32681AC96001B6569 /* URLSession.swift */,
				F05D20672681E5C6001F51A1 /* Publisher.swift */,
				F0EBBC732682061B00D1AF43 /* DateFormatter.swift */,
			);
			path = Extension;
			sourceTree = "<group>";
		};
		F0571EFB2681AF85001B6569 /* Public */ = {
			isa = PBXGroup;
			children = (
			);
			path = Public;
			sourceTree = "<group>";
		};
		F0571EFE2681AFDB001B6569 /* Model */ = {
			isa = PBXGroup;
			children = (
				F05D20632681E12D001F51A1 /* MovieItem.swift */,
				F0571EFF2681AFF2001B6569 /* MoviesList.swift */,
				F0571F092681B206001B6569 /* MovieDetail.swift */,
			);
			path = Model;
			sourceTree = "<group>";
		};
		F0571F012681B04A001B6569 /* Error */ = {
			isa = PBXGroup;
			children = (
				F0571F022681B057001B6569 /* InvalidEndpointError.swift */,
			);
			path = Error;
			sourceTree = "<group>";
		};
		F0571F062681B15F001B6569 /* Private */ = {
			isa = PBXGroup;
			children = (
				F0571EFC2681AFAE001B6569 /* MoviesListEndPoint.swift */,
				F0571F072681B1EA001B6569 /* MovieDetailEndPoint.swift */,
			);
			path = Private;
			sourceTree = "<group>";
		};
		F0571F0D2681BEE4001B6569 /* Store */ = {
			isa = PBXGroup;
			children = (
				F0571F0E2681BEFD001B6569 /* MoviesListStore.swift */,
				F0571F1A2681C4DB001B6569 /* UserSessionStore.swift */,
			);
			path = Store;
			sourceTree = "<group>";
		};
		F0571F102681BF6A001B6569 /* Loader */ = {
			isa = PBXGroup;
			children = (
				F05D20652681E262001F51A1 /* ModelLoader.swift */,
			);
			path = Loader;
			sourceTree = "<group>";
		};
		F05D2070268209D5001F51A1 /* Component */ = {
			isa = PBXGroup;
			children = (
				F05D2071268209E5001F51A1 /* AsyncImage */,
			);
			path = Component;
			sourceTree = "<group>";
		};
		F05D2071268209E5001F51A1 /* AsyncImage */ = {
			isa = PBXGroup;
			children = (
				F05D2072268209E5001F51A1 /* ImageCache.swift */,
				F05D2073268209E5001F51A1 /* ImageLoader.swift */,
				F05D2074268209E5001F51A1 /* EnvironmentValues+ImageCache.swift */,
				F05D2075268209E5001F51A1 /* AsyncImage.swift */,
			);
			path = AsyncImage;
			sourceTree = "<group>";
		};
		F0673CE92681A25C001587FD = {
			isa = PBXGroup;
			children = (
				F0673CF42681A25C001587FD /* XenZuTestProject */,
				F0673CF32681A25C001587FD /* Products */,
			);
			sourceTree = "<group>";
		};
		F0673CF32681A25C001587FD /* Products */ = {
			isa = PBXGroup;
			children = (
				F0673CF22681A25C001587FD /* XenZuTestProject.app */,
			);
			name = Products;
			sourceTree = "<group>";
		};
		F0673CF42681A25C001587FD /* XenZuTestProject */ = {
			isa = PBXGroup;
			children = (
				F05D2070268209D5001F51A1 /* Component */,
				F0571F012681B04A001B6569 /* Error */,
				F0571EFE2681AFDB001B6569 /* Model */,
				F0571EF22681AC67001B6569 /* Extension */,
				F0571EEF2681A906001B6569 /* Endpoint */,
				F0571F102681BF6A001B6569 /* Loader */,
				F0571F0D2681BEE4001B6569 /* Store */,
				F0571EEE2681A899001B6569 /* View */,
				F0673CF52681A25C001587FD /* XenZuTestProjectApp.swift */,
				F0673CF92681A25F001587FD /* Assets.xcassets */,
				F0673CFE2681A25F001587FD /* Persistence.swift */,
				F0673D032681A25F001587FD /* Info.plist */,
				F0673D002681A25F001587FD /* XenZuTestProject.xcdatamodeld */,
				F0673CFB2681A25F001587FD /* Preview Content */,
			);
			path = XenZuTestProject;
			sourceTree = "<group>";
		};
		F0673CFB2681A25F001587FD /* Preview Content */ = {
			isa = PBXGroup;
			children = (
				F0673CFC2681A25F001587FD /* Preview Assets.xcassets */,
			);
			path = "Preview Content";
			sourceTree = "<group>";
		};
/* End PBXGroup section */

/* Begin PBXNativeTarget section */
		F0673CF12681A25C001587FD /* XenZuTestProject */ = {
			isa = PBXNativeTarget;
			buildConfigurationList = F0673D062681A25F001587FD /* Build configuration list for PBXNativeTarget "XenZuTestProject" */;
			buildPhases = (
				F0673CEE2681A25C001587FD /* Sources */,
				F0673CEF2681A25C001587FD /* Frameworks */,
				F0673CF02681A25C001587FD /* Resources */,
			);
			buildRules = (
			);
			dependencies = (
			);
			name = XenZuTestProject;
			productName = XenZuTestProject;
			productReference = F0673CF22681A25C001587FD /* XenZuTestProject.app */;
			productType = "com.apple.product-type.application";
		};
/* End PBXNativeTarget section */

/* Begin PBXProject section */
		F0673CEA2681A25C001587FD /* Project object */ = {
			isa = PBXProject;
			attributes = {
				LastSwiftUpdateCheck = 1250;
				LastUpgradeCheck = 1250;
				TargetAttributes = {
					F0673CF12681A25C001587FD = {
						CreatedOnToolsVersion = 12.5;
					};
				};
			};
			buildConfigurationList = F0673CED2681A25C001587FD /* Build configuration list for PBXProject "XenZuTestProject" */;
			compatibilityVersion = "Xcode 9.3";
			developmentRegion = en;
			hasScannedForEncodings = 0;
			knownRegions = (
				en,
				Base,
			);
			mainGroup = F0673CE92681A25C001587FD;
			productRefGroup = F0673CF32681A25C001587FD /* Products */;
			projectDirPath = "";
			projectRoot = "";
			targets = (
				F0673CF12681A25C001587FD /* XenZuTestProject */,
			);
		};
/* End PBXProject section */

/* Begin PBXResourcesBuildPhase section */
		F0673CF02681A25C001587FD /* Resources */ = {
			isa = PBXResourcesBuildPhase;
			buildActionMask = 2147483647;
			files = (
				F0673CFD2681A25F001587FD /* Preview Assets.xcassets in Resources */,
				F0673CFA2681A25F001587FD /* Assets.xcassets in Resources */,
			);
			runOnlyForDeploymentPostprocessing = 0;
		};
/* End PBXResourcesBuildPhase section */

/* Begin PBXSourcesBuildPhase section */
		F0673CEE2681A25C001587FD /* Sources */ = {
			isa = PBXSourcesBuildPhase;
			buildActionMask = 2147483647;
			files = (
				F05D207B26820F55001F51A1 /* MoviesListView.swift in Sources */,
				F05D20642681E12D001F51A1 /* MovieItem.swift in Sources */,
				F0571EF82681AE8E001B6569 /* EndpointKinds.swift in Sources */,
				F0571F082681B1EA001B6569 /* MovieDetailEndPoint.swift in Sources */,
				F0673CFF2681A25F001587FD /* Persistence.swift in Sources */,
				F0571F002681AFF2001B6569 /* MoviesList.swift in Sources */,
				F0571EFA2681AEEB001B6569 /* AccessToken.swift in Sources */,
				F0673CF82681A25C001587FD /* ContentTestView.swift in Sources */,
				F0571F0A2681B206001B6569 /* MovieDetail.swift in Sources */,
				F0571EF42681AC96001B6569 /* URLSession.swift in Sources */,
				F0571F172681C086001B6569 /* ContentView.swift in Sources */,
				F0571EF62681AE79001B6569 /* EndpointKind.swift in Sources */,
				F0571F032681B057001B6569 /* InvalidEndpointError.swift in Sources */,
				F05D20682681E5C6001F51A1 /* Publisher.swift in Sources */,
				F0673D022681A25F001587FD /* XenZuTestProject.xcdatamodeld in Sources */,
				F05D2077268209E5001F51A1 /* ImageLoader.swift in Sources */,
				F05D20662681E262001F51A1 /* ModelLoader.swift in Sources */,
				F05D2076268209E5001F51A1 /* ImageCache.swift in Sources */,
				F0571F1B2681C4DB001B6569 /* UserSessionStore.swift in Sources */,
				F0EBBC742682061B00D1AF43 /* DateFormatter.swift in Sources */,
				F0673CF62681A25C001587FD /* XenZuTestProjectApp.swift in Sources */,
				F0571F0F2681BEFD001B6569 /* MoviesListStore.swift in Sources */,
				F0571EFD2681AFAE001B6569 /* MoviesListEndPoint.swift in Sources */,
				F0571F152681C03C001B6569 /* UserSession.swift in Sources */,
				F0571EF12681A93B001B6569 /* Endpoint.swift in Sources */,
				F05D2079268209E5001F51A1 /* AsyncImage.swift in Sources */,
				F05D2078268209E5001F51A1 /* EnvironmentValues+ImageCache.swift in Sources */,
			);
			runOnlyForDeploymentPostprocessing = 0;
		};
/* End PBXSourcesBuildPhase section */

/* Begin XCBuildConfiguration section */
		F0673D042681A25F001587FD /* Debug */ = {
			isa = XCBuildConfiguration;
			buildSettings = {
				ALWAYS_SEARCH_USER_PATHS = NO;
				CLANG_ANALYZER_NONNULL = YES;
				CLANG_ANALYZER_NUMBER_OBJECT_CONVERSION = YES_AGGRESSIVE;
				CLANG_CXX_LANGUAGE_STANDARD = "gnu++14";
				CLANG_CXX_LIBRARY = "libc++";
				CLANG_ENABLE_MODULES = YES;
				CLANG_ENABLE_OBJC_ARC = YES;
				CLANG_ENABLE_OBJC_WEAK = YES;
				CLANG_WARN_BLOCK_CAPTURE_AUTORELEASING = YES;
				CLANG_WARN_BOOL_CONVERSION = YES;
				CLANG_WARN_COMMA = YES;
				CLANG_WARN_CONSTANT_CONVERSION = YES;
				CLANG_WARN_DEPRECATED_OBJC_IMPLEMENTATIONS = YES;
				CLANG_WARN_DIRECT_OBJC_ISA_USAGE = YES_ERROR;
				CLANG_WARN_DOCUMENTATION_COMMENTS = YES;
				CLANG_WARN_EMPTY_BODY = YES;
				CLANG_WARN_ENUM_CONVERSION = YES;
				CLANG_WARN_INFINITE_RECURSION = YES;
				CLANG_WARN_INT_CONVERSION = YES;
				CLANG_WARN_NON_LITERAL_NULL_CONVERSION = YES;
				CLANG_WARN_OBJC_IMPLICIT_RETAIN_SELF = YES;
				CLANG_WARN_OBJC_LITERAL_CONVERSION = YES;
				CLANG_WARN_OBJC_ROOT_CLASS = YES_ERROR;
				CLANG_WARN_QUOTED_INCLUDE_IN_FRAMEWORK_HEADER = YES;
				CLANG_WARN_RANGE_LOOP_ANALYSIS = YES;
				CLANG_WARN_STRICT_PROTOTYPES = YES;
				CLANG_WARN_SUSPICIOUS_MOVE = YES;
				CLANG_WARN_UNGUARDED_AVAILABILITY = YES_AGGRESSIVE;
				CLANG_WARN_UNREACHABLE_CODE = YES;
				CLANG_WARN__DUPLICATE_METHOD_MATCH = YES;
				COPY_PHASE_STRIP = NO;
				DEBUG_INFORMATION_FORMAT = dwarf;
				ENABLE_STRICT_OBJC_MSGSEND = YES;
				ENABLE_TESTABILITY = YES;
				GCC_C_LANGUAGE_STANDARD = gnu11;
				GCC_DYNAMIC_NO_PIC = NO;
				GCC_NO_COMMON_BLOCKS = YES;
				GCC_OPTIMIZATION_LEVEL = 0;
				GCC_PREPROCESSOR_DEFINITIONS = (
					"DEBUG=1",
					"$(inherited)",
				);
				GCC_WARN_64_TO_32_BIT_CONVERSION = YES;
				GCC_WARN_ABOUT_RETURN_TYPE = YES_ERROR;
				GCC_WARN_UNDECLARED_SELECTOR = YES;
				GCC_WARN_UNINITIALIZED_AUTOS = YES_AGGRESSIVE;
				GCC_WARN_UNUSED_FUNCTION = YES;
				GCC_WARN_UNUSED_VARIABLE = YES;
				IPHONEOS_DEPLOYMENT_TARGET = 14.3;
				MTL_ENABLE_DEBUG_INFO = INCLUDE_SOURCE;
				MTL_FAST_MATH = YES;
				ONLY_ACTIVE_ARCH = YES;
				SDKROOT = iphoneos;
				SWIFT_ACTIVE_COMPILATION_CONDITIONS = DEBUG;
				SWIFT_OPTIMIZATION_LEVEL = "-Onone";
			};
			name = Debug;
		};
		F0673D052681A25F001587FD /* Release */ = {
			isa = XCBuildConfiguration;
			buildSettings = {
				ALWAYS_SEARCH_USER_PATHS = NO;
				CLANG_ANALYZER_NONNULL = YES;
				CLANG_ANALYZER_NUMBER_OBJECT_CONVERSION = YES_AGGRESSIVE;
				CLANG_CXX_LANGUAGE_STANDARD = "gnu++14";
				CLANG_CXX_LIBRARY = "libc++";
				CLANG_ENABLE_MODULES = YES;
				CLANG_ENABLE_OBJC_ARC = YES;
				CLANG_ENABLE_OBJC_WEAK = YES;
				CLANG_WARN_BLOCK_CAPTURE_AUTORELEASING = YES;
				CLANG_WARN_BOOL_CONVERSION = YES;
				CLANG_WARN_COMMA = YES;
				CLANG_WARN_CONSTANT_CONVERSION = YES;
				CLANG_WARN_DEPRECATED_OBJC_IMPLEMENTATIONS = YES;
				CLANG_WARN_DIRECT_OBJC_ISA_USAGE = YES_ERROR;
				CLANG_WARN_DOCUMENTATION_COMMENTS = YES;
				CLANG_WARN_EMPTY_BODY = YES;
				CLANG_WARN_ENUM_CONVERSION = YES;
				CLANG_WARN_INFINITE_RECURSION = YES;
				CLANG_WARN_INT_CONVERSION = YES;
				CLANG_WARN_NON_LITERAL_NULL_CONVERSION = YES;
				CLANG_WARN_OBJC_IMPLICIT_RETAIN_SELF = YES;
				CLANG_WARN_OBJC_LITERAL_CONVERSION = YES;
				CLANG_WARN_OBJC_ROOT_CLASS = YES_ERROR;
				CLANG_WARN_QUOTED_INCLUDE_IN_FRAMEWORK_HEADER = YES;
				CLANG_WARN_RANGE_LOOP_ANALYSIS = YES;
				CLANG_WARN_STRICT_PROTOTYPES = YES;
				CLANG_WARN_SUSPICIOUS_MOVE = YES;
				CLANG_WARN_UNGUARDED_AVAILABILITY = YES_AGGRESSIVE;
				CLANG_WARN_UNREACHABLE_CODE = YES;
				CLANG_WARN__DUPLICATE_METHOD_MATCH = YES;
				COPY_PHASE_STRIP = NO;
				DEBUG_INFORMATION_FORMAT = "dwarf-with-dsym";
				ENABLE_NS_ASSERTIONS = NO;
				ENABLE_STRICT_OBJC_MSGSEND = YES;
				GCC_C_LANGUAGE_STANDARD = gnu11;
				GCC_NO_COMMON_BLOCKS = YES;
				GCC_WARN_64_TO_32_BIT_CONVERSION = YES;
				GCC_WARN_ABOUT_RETURN_TYPE = YES_ERROR;
				GCC_WARN_UNDECLARED_SELECTOR = YES;
				GCC_WARN_UNINITIALIZED_AUTOS = YES_AGGRESSIVE;
				GCC_WARN_UNUSED_FUNCTION = YES;
				GCC_WARN_UNUSED_VARIABLE = YES;
				IPHONEOS_DEPLOYMENT_TARGET = 14.3;
				MTL_ENABLE_DEBUG_INFO = NO;
				MTL_FAST_MATH = YES;
				SDKROOT = iphoneos;
				SWIFT_COMPILATION_MODE = wholemodule;
				SWIFT_OPTIMIZATION_LEVEL = "-O";
				VALIDATE_PRODUCT = YES;
			};
			name = Release;
		};
		F0673D072681A25F001587FD /* Debug */ = {
			isa = XCBuildConfiguration;
			buildSettings = {
				ASSETCATALOG_COMPILER_APPICON_NAME = AppIcon;
				ASSETCATALOG_COMPILER_GLOBAL_ACCENT_COLOR_NAME = AccentColor;
				CODE_SIGN_STYLE = Automatic;
				DEVELOPMENT_ASSET_PATHS = "\"XenZuTestProject/Preview Content\"";
				DEVELOPMENT_TEAM = B6QRXW5YF2;
				ENABLE_PREVIEWS = YES;
				INFOPLIST_FILE = XenZuTestProject/Info.plist;
				IPHONEOS_DEPLOYMENT_TARGET = 14.0;
				LD_RUNPATH_SEARCH_PATHS = (
					"$(inherited)",
					"@executable_path/Frameworks",
				);
				PRODUCT_BUNDLE_IDENTIFIER = by.filimo.XenZuTestProject;
				PRODUCT_NAME = "$(TARGET_NAME)";
				SWIFT_VERSION = 5.0;
				TARGETED_DEVICE_FAMILY = "1,2";
			};
			name = Debug;
		};
		F0673D082681A25F001587FD /* Release */ = {
			isa = XCBuildConfiguration;
			buildSettings = {
				ASSETCATALOG_COMPILER_APPICON_NAME = AppIcon;
				ASSETCATALOG_COMPILER_GLOBAL_ACCENT_COLOR_NAME = AccentColor;
				CODE_SIGN_STYLE = Automatic;
				DEVELOPMENT_ASSET_PATHS = "\"XenZuTestProject/Preview Content\"";
				DEVELOPMENT_TEAM = B6QRXW5YF2;
				ENABLE_PREVIEWS = YES;
				INFOPLIST_FILE = XenZuTestProject/Info.plist;
				IPHONEOS_DEPLOYMENT_TARGET = 14.0;
				LD_RUNPATH_SEARCH_PATHS = (
					"$(inherited)",
					"@executable_path/Frameworks",
				);
				PRODUCT_BUNDLE_IDENTIFIER = by.filimo.XenZuTestProject;
				PRODUCT_NAME = "$(TARGET_NAME)";
				SWIFT_VERSION = 5.0;
				TARGETED_DEVICE_FAMILY = "1,2";
			};
			name = Release;
		};
/* End XCBuildConfiguration section */

/* Begin XCConfigurationList section */
		F0673CED2681A25C001587FD /* Build configuration list for PBXProject "XenZuTestProject" */ = {
			isa = XCConfigurationList;
			buildConfigurations = (
				F0673D042681A25F001587FD /* Debug */,
				F0673D052681A25F001587FD /* Release */,
			);
			defaultConfigurationIsVisible = 0;
			defaultConfigurationName = Release;
		};
		F0673D062681A25F001587FD /* Build configuration list for PBXNativeTarget "XenZuTestProject" */ = {
			isa = XCConfigurationList;
			buildConfigurations = (
				F0673D072681A25F001587FD /* Debug */,
				F0673D082681A25F001587FD /* Release */,
			);
			defaultConfigurationIsVisible = 0;
			defaultConfigurationName = Release;
		};
/* End XCConfigurationList section */

/* Begin XCVersionGroup section */
		F0673D002681A25F001587FD /* XenZuTestProject.xcdatamodeld */ = {
			isa = XCVersionGroup;
			children = (
				F0673D012681A25F001587FD /* XenZuTestProject.xcdatamodel */,
			);
			currentVersion = F0673D012681A25F001587FD /* XenZuTestProject.xcdatamodel */;
			path = XenZuTestProject.xcdatamodeld;
			sourceTree = "<group>";
			versionGroupType = wrapper.xcdatamodel;
		};
/* End XCVersionGroup section */
	};
	rootObject = F0673CEA2681A25C001587FD /* Project object */;
}
